
Microsoft Visual Studio Solution File, Format Version 12.00
# Visual Studio Version 17
VisualStudioVersion = 17.6.33815.320
MinimumVisualStudioVersion = 10.0.40219.1
Project("{FAE04EC0-301F-11D3-BF4B-00C04F79EFBC}") = "ASPMVCSE310.P12", "ASPMVCSE310.P12\ASPMVCSE310.P12.csproj", "{EB9DE376-2BC2-411C-8C47-3F43ADA6487C}"
EndProject
Global
	GlobalSection(SolutionConfigurationPlatforms) = preSolution
		Debug|Any CPU = Debug|Any CPU
		Release|Any CPU = Release|Any CPU
	EndGlobalSection
	GlobalSection(ProjectConfigurationPlatforms) = postSolution
		{EB9DE376-2BC2-411C-8C47-3F43ADA6487C}.Debug|Any CPU.ActiveCfg = Debug|Any CPU
		{EB9DE376-2BC2-411C-8C47-3F43ADA6487C}.Debug|Any CPU.Build.0 = Debug|Any CPU
		{EB9DE376-2BC2-411C-8C47-3F43ADA6487C}.Release|Any CPU.ActiveCfg = Release|Any CPU
		{EB9DE376-2BC2-411C-8C47-3F43ADA6487C}.Release|Any CPU.Build.0 = Release|Any CPU
	EndGlobalSection
	GlobalSection(SolutionProperties) = preSolution
		HideSolutionNode = FALSE
	EndGlobalSection
	GlobalSection(ExtensibilityGlobals) = postSolution
		SolutionGuid = {6F666646-5D88-460A-894E-045F658C5561}
	EndGlobalSection
EndGlobal
